// !$*UTF8*$!
{
	archiveVersion = 1;
	classes = {
	};
	objectVersion = 56;
	objects = {

/* Begin PBXBuildFile section */
		332EA3422962DE32008CCE3B /* NabigationBarView.swift in Sources */ = {isa = PBXBuildFile; fileRef = 332EA3412962DE32008CCE3B /* NabigationBarView.swift */; };
		332EA3442962E2AD008CCE3B /* LogoView.swift in Sources */ = {isa = PBXBuildFile; fileRef = 332EA3432962E2AD008CCE3B /* LogoView.swift */; };
		332EA346296305F1008CCE3B /* CodableBundleExtension.swift in Sources */ = {isa = PBXBuildFile; fileRef = 332EA345296305F1008CCE3B /* CodableBundleExtension.swift */; };
		332EA34829630694008CCE3B /* PlayerModel.swift in Sources */ = {isa = PBXBuildFile; fileRef = 332EA34729630694008CCE3B /* PlayerModel.swift */; };
		332EA34A29631548008CCE3B /* FeatureditemView.swift in Sources */ = {isa = PBXBuildFile; fileRef = 332EA34929631548008CCE3B /* FeatureditemView.swift */; };
		332EA34C29631772008CCE3B /* FeaturedTabView.swift in Sources */ = {isa = PBXBuildFile; fileRef = 332EA34B29631772008CCE3B /* FeaturedTabView.swift */; };
		334FA7C62968C7AE00327EC7 /* TopPartDetailView.swift in Sources */ = {isa = PBXBuildFile; fileRef = 334FA7C52968C7AE00327EC7 /* TopPartDetailView.swift */; };
		334FA7C82968CFD900327EC7 /* CustomShape.swift in Sources */ = {isa = PBXBuildFile; fileRef = 334FA7C72968CFD900327EC7 /* CustomShape.swift */; };
		33581182296111C1008A4E86 /* TOUCHDOWNApp.swift in Sources */ = {isa = PBXBuildFile; fileRef = 33581181296111C1008A4E86 /* TOUCHDOWNApp.swift */; };
		33581184296111C1008A4E86 /* ContentView.swift in Sources */ = {isa = PBXBuildFile; fileRef = 33581183296111C1008A4E86 /* ContentView.swift */; };
		33581186296111C2008A4E86 /* Assets.xcassets in Resources */ = {isa = PBXBuildFile; fileRef = 33581185296111C2008A4E86 /* Assets.xcassets */; };
		33581189296111C2008A4E86 /* Preview Assets.xcassets in Resources */ = {isa = PBXBuildFile; fileRef = 33581188296111C2008A4E86 /* Preview Assets.xcassets */; };
		33581193296111C3008A4E86 /* TOUCHDOWNTests.swift in Sources */ = {isa = PBXBuildFile; fileRef = 33581192296111C3008A4E86 /* TOUCHDOWNTests.swift */; };
		3368D6742961A92C009C9CA8 /* player.json in Resources */ = {isa = PBXBuildFile; fileRef = 3368D6702961A92C009C9CA8 /* player.json */; };
		3368D6752961A92C009C9CA8 /* category.json in Resources */ = {isa = PBXBuildFile; fileRef = 3368D6712961A92C009C9CA8 /* category.json */; };
		3368D6762961A92C009C9CA8 /* product.json in Resources */ = {isa = PBXBuildFile; fileRef = 3368D6722961A92C009C9CA8 /* product.json */; };
		3368D6772961A92C009C9CA8 /* brand.json in Resources */ = {isa = PBXBuildFile; fileRef = 3368D6732961A92C009C9CA8 /* brand.json */; };
		3368D6822961AC7B009C9CA8 /* Constant.swift in Sources */ = {isa = PBXBuildFile; fileRef = 3368D6812961AC7B009C9CA8 /* Constant.swift */; };
		3368D6842961AD92009C9CA8 /* FooterView.swift in Sources */ = {isa = PBXBuildFile; fileRef = 3368D6832961AD92009C9CA8 /* FooterView.swift */; };
		337CDD3F2968994F00F0764D /* NavigationBarDetailView.swift in Sources */ = {isa = PBXBuildFile; fileRef = 337CDD3E2968994F00F0764D /* NavigationBarDetailView.swift */; };
		337CDD412968C2DD00F0764D /* HeaderDetailView.swift in Sources */ = {isa = PBXBuildFile; fileRef = 337CDD402968C2DD00F0764D /* HeaderDetailView.swift */; };
		33A7AD8F2969F744000F4D55 /* QuantityFavoriteDetailView.swift in Sources */ = {isa = PBXBuildFile; fileRef = 33A7AD8E2969F744000F4D55 /* QuantityFavoriteDetailView.swift */; };
		33A7AD912969FB76000F4D55 /* AddToCartDetailView.swift in Sources */ = {isa = PBXBuildFile; fileRef = 33A7AD902969FB76000F4D55 /* AddToCartDetailView.swift */; };
		33A7AD93296A07FB000F4D55 /* Shop.swift in Sources */ = {isa = PBXBuildFile; fileRef = 33A7AD92296A07FB000F4D55 /* Shop.swift */; };
		33AF40DD2969BD64005BBD92 /* RaitingsSizesDetailView.swift in Sources */ = {isa = PBXBuildFile; fileRef = 33AF40DC2969BD64005BBD92 /* RaitingsSizesDetailView.swift */; };
		33D543BD2966F11900D5B409 /* TitleView.swift in Sources */ = {isa = PBXBuildFile; fileRef = 33D543BC2966F11900D5B409 /* TitleView.swift */; };
		33D543BF2966F2A100D5B409 /* ProductModel.swift in Sources */ = {isa = PBXBuildFile; fileRef = 33D543BE2966F2A100D5B409 /* ProductModel.swift */; };
		33D543C1296718CE00D5B409 /* ProductItemView.swift in Sources */ = {isa = PBXBuildFile; fileRef = 33D543C0296718CE00D5B409 /* ProductItemView.swift */; };
		33D543C32967454800D5B409 /* BrandModel.swift in Sources */ = {isa = PBXBuildFile; fileRef = 33D543C22967454800D5B409 /* BrandModel.swift */; };
		33D543C52967463200D5B409 /* BrandItemView.swift in Sources */ = {isa = PBXBuildFile; fileRef = 33D543C42967463200D5B409 /* BrandItemView.swift */; };
		33D543C729674D3B00D5B409 /* BrandGridView.swift in Sources */ = {isa = PBXBuildFile; fileRef = 33D543C629674D3B00D5B409 /* BrandGridView.swift */; };
		33D543C92967831E00D5B409 /* ProductDetailView.swift in Sources */ = {isa = PBXBuildFile; fileRef = 33D543C82967831E00D5B409 /* ProductDetailView.swift */; };
		33ED68412966A4F40057A439 /* UIScreenExtension.swift in Sources */ = {isa = PBXBuildFile; fileRef = 33ED68402966A4F40057A439 /* UIScreenExtension.swift */; };
		33ED68432966ADFC0057A439 /* CategoryModel.swift in Sources */ = {isa = PBXBuildFile; fileRef = 33ED68422966ADFC0057A439 /* CategoryModel.swift */; };
		33ED68452966B0040057A439 /* CategoryItemView.swift in Sources */ = {isa = PBXBuildFile; fileRef = 33ED68442966B0040057A439 /* CategoryItemView.swift */; };
		33ED68472966B38E0057A439 /* CategoryGridView.swift in Sources */ = {isa = PBXBuildFile; fileRef = 33ED68462966B38E0057A439 /* CategoryGridView.swift */; };
		33ED68492966B9EE0057A439 /* SectionView.swift in Sources */ = {isa = PBXBuildFile; fileRef = 33ED68482966B9EE0057A439 /* SectionView.swift */; };
		AC9B33E729B6824200485B25 /* Resolver in Frameworks */ = {isa = PBXBuildFile; productRef = AC9B33E629B6824200485B25 /* Resolver */; };
/* End PBXBuildFile section */

/* Begin PBXContainerItemProxy section */
		3358118F296111C3008A4E86 /* PBXContainerItemProxy */ = {
			isa = PBXContainerItemProxy;
			containerPortal = 33581176296111C0008A4E86 /* Project object */;
			proxyType = 1;
			remoteGlobalIDString = 3358117D296111C1008A4E86;
			remoteInfo = TOUCHDOWN;
		};
/* End PBXContainerItemProxy section */

/* Begin PBXFileReference section */
		332EA3412962DE32008CCE3B /* NabigationBarView.swift */ = {isa = PBXFileReference; lastKnownFileType = sourcecode.swift; path = NabigationBarView.swift; sourceTree = "<group>"; };
		332EA3432962E2AD008CCE3B /* LogoView.swift */ = {isa = PBXFileReference; lastKnownFileType = sourcecode.swift; path = LogoView.swift; sourceTree = "<group>"; };
		332EA345296305F1008CCE3B /* CodableBundleExtension.swift */ = {isa = PBXFileReference; lastKnownFileType = sourcecode.swift; path = CodableBundleExtension.swift; sourceTree = "<group>"; };
		332EA34729630694008CCE3B /* PlayerModel.swift */ = {isa = PBXFileReference; lastKnownFileType = sourcecode.swift; path = PlayerModel.swift; sourceTree = "<group>"; };
		332EA34929631548008CCE3B /* FeatureditemView.swift */ = {isa = PBXFileReference; lastKnownFileType = sourcecode.swift; path = FeatureditemView.swift; sourceTree = "<group>"; };
		332EA34B29631772008CCE3B /* FeaturedTabView.swift */ = {isa = PBXFileReference; lastKnownFileType = sourcecode.swift; path = FeaturedTabView.swift; sourceTree = "<group>"; };
		334FA7C52968C7AE00327EC7 /* TopPartDetailView.swift */ = {isa = PBXFileReference; lastKnownFileType = sourcecode.swift; path = TopPartDetailView.swift; sourceTree = "<group>"; };
		334FA7C72968CFD900327EC7 /* CustomShape.swift */ = {isa = PBXFileReference; lastKnownFileType = sourcecode.swift; path = CustomShape.swift; sourceTree = "<group>"; };
		3358117E296111C1008A4E86 /* TOUCHDOWN.app */ = {isa = PBXFileReference; explicitFileType = wrapper.application; includeInIndex = 0; path = TOUCHDOWN.app; sourceTree = BUILT_PRODUCTS_DIR; };
		33581181296111C1008A4E86 /* TOUCHDOWNApp.swift */ = {isa = PBXFileReference; lastKnownFileType = sourcecode.swift; path = TOUCHDOWNApp.swift; sourceTree = "<group>"; };
		33581183296111C1008A4E86 /* ContentView.swift */ = {isa = PBXFileReference; lastKnownFileType = sourcecode.swift; path = ContentView.swift; sourceTree = "<group>"; };
		33581185296111C2008A4E86 /* Assets.xcassets */ = {isa = PBXFileReference; lastKnownFileType = folder.assetcatalog; path = Assets.xcassets; sourceTree = "<group>"; };
		33581188296111C2008A4E86 /* Preview Assets.xcassets */ = {isa = PBXFileReference; lastKnownFileType = folder.assetcatalog; path = "Preview Assets.xcassets"; sourceTree = "<group>"; };
		3358118E296111C3008A4E86 /* TOUCHDOWNTests.xctest */ = {isa = PBXFileReference; explicitFileType = wrapper.cfbundle; includeInIndex = 0; path = TOUCHDOWNTests.xctest; sourceTree = BUILT_PRODUCTS_DIR; };
		33581192296111C3008A4E86 /* TOUCHDOWNTests.swift */ = {isa = PBXFileReference; lastKnownFileType = sourcecode.swift; path = TOUCHDOWNTests.swift; sourceTree = "<group>"; };
		3368D6702961A92C009C9CA8 /* player.json */ = {isa = PBXFileReference; fileEncoding = 4; lastKnownFileType = text.json; path = player.json; sourceTree = "<group>"; };
		3368D6712961A92C009C9CA8 /* category.json */ = {isa = PBXFileReference; fileEncoding = 4; lastKnownFileType = text.json; path = category.json; sourceTree = "<group>"; };
		3368D6722961A92C009C9CA8 /* product.json */ = {isa = PBXFileReference; fileEncoding = 4; lastKnownFileType = text.json; path = product.json; sourceTree = "<group>"; };
		3368D6732961A92C009C9CA8 /* brand.json */ = {isa = PBXFileReference; fileEncoding = 4; lastKnownFileType = text.json; path = brand.json; sourceTree = "<group>"; };
		3368D6792961AA17009C9CA8 /* Info.plist */ = {isa = PBXFileReference; lastKnownFileType = text.plist; path = Info.plist; sourceTree = "<group>"; };
		3368D6812961AC7B009C9CA8 /* Constant.swift */ = {isa = PBXFileReference; lastKnownFileType = sourcecode.swift; path = Constant.swift; sourceTree = "<group>"; };
		3368D6832961AD92009C9CA8 /* FooterView.swift */ = {isa = PBXFileReference; lastKnownFileType = sourcecode.swift; path = FooterView.swift; sourceTree = "<group>"; };
		337CDD3E2968994F00F0764D /* NavigationBarDetailView.swift */ = {isa = PBXFileReference; lastKnownFileType = sourcecode.swift; path = NavigationBarDetailView.swift; sourceTree = "<group>"; };
		337CDD402968C2DD00F0764D /* HeaderDetailView.swift */ = {isa = PBXFileReference; lastKnownFileType = sourcecode.swift; path = HeaderDetailView.swift; sourceTree = "<group>"; };
		33A7AD8E2969F744000F4D55 /* QuantityFavoriteDetailView.swift */ = {isa = PBXFileReference; lastKnownFileType = sourcecode.swift; path = QuantityFavoriteDetailView.swift; sourceTree = "<group>"; };
		33A7AD902969FB76000F4D55 /* AddToCartDetailView.swift */ = {isa = PBXFileReference; lastKnownFileType = sourcecode.swift; path = AddToCartDetailView.swift; sourceTree = "<group>"; };
		33A7AD92296A07FB000F4D55 /* Shop.swift */ = {isa = PBXFileReference; lastKnownFileType = sourcecode.swift; path = Shop.swift; sourceTree = "<group>"; };
		33AF40DC2969BD64005BBD92 /* RaitingsSizesDetailView.swift */ = {isa = PBXFileReference; lastKnownFileType = sourcecode.swift; path = RaitingsSizesDetailView.swift; sourceTree = "<group>"; };
		33D543BC2966F11900D5B409 /* TitleView.swift */ = {isa = PBXFileReference; lastKnownFileType = sourcecode.swift; path = TitleView.swift; sourceTree = "<group>"; };
		33D543BE2966F2A100D5B409 /* ProductModel.swift */ = {isa = PBXFileReference; lastKnownFileType = sourcecode.swift; path = ProductModel.swift; sourceTree = "<group>"; };
		33D543C0296718CE00D5B409 /* ProductItemView.swift */ = {isa = PBXFileReference; lastKnownFileType = sourcecode.swift; path = ProductItemView.swift; sourceTree = "<group>"; };
		33D543C22967454800D5B409 /* BrandModel.swift */ = {isa = PBXFileReference; lastKnownFileType = sourcecode.swift; path = BrandModel.swift; sourceTree = "<group>"; };
		33D543C42967463200D5B409 /* BrandItemView.swift */ = {isa = PBXFileReference; lastKnownFileType = sourcecode.swift; path = BrandItemView.swift; sourceTree = "<group>"; };
		33D543C629674D3B00D5B409 /* BrandGridView.swift */ = {isa = PBXFileReference; lastKnownFileType = sourcecode.swift; path = BrandGridView.swift; sourceTree = "<group>"; };
		33D543C82967831E00D5B409 /* ProductDetailView.swift */ = {isa = PBXFileReference; lastKnownFileType = sourcecode.swift; path = ProductDetailView.swift; sourceTree = "<group>"; };
		33ED68402966A4F40057A439 /* UIScreenExtension.swift */ = {isa = PBXFileReference; lastKnownFileType = sourcecode.swift; path = UIScreenExtension.swift; sourceTree = "<group>"; };
		33ED68422966ADFC0057A439 /* CategoryModel.swift */ = {isa = PBXFileReference; lastKnownFileType = sourcecode.swift; path = CategoryModel.swift; sourceTree = "<group>"; };
		33ED68442966B0040057A439 /* CategoryItemView.swift */ = {isa = PBXFileReference; lastKnownFileType = sourcecode.swift; path = CategoryItemView.swift; sourceTree = "<group>"; };
		33ED68462966B38E0057A439 /* CategoryGridView.swift */ = {isa = PBXFileReference; lastKnownFileType = sourcecode.swift; path = CategoryGridView.swift; sourceTree = "<group>"; };
		33ED68482966B9EE0057A439 /* SectionView.swift */ = {isa = PBXFileReference; lastKnownFileType = sourcecode.swift; path = SectionView.swift; sourceTree = "<group>"; };
/* End PBXFileReference section */

/* Begin PBXFrameworksBuildPhase section */
		3358117B296111C1008A4E86 /* Frameworks */ = {
			isa = PBXFrameworksBuildPhase;
			buildActionMask = 2147483647;
			files = (
				AC9B33E729B6824200485B25 /* Resolver in Frameworks */,
			);
			runOnlyForDeploymentPostprocessing = 0;
		};
		3358118B296111C3008A4E86 /* Frameworks */ = {
			isa = PBXFrameworksBuildPhase;
			buildActionMask = 2147483647;
			files = (
			);
			runOnlyForDeploymentPostprocessing = 0;
		};
/* End PBXFrameworksBuildPhase section */

/* Begin PBXGroup section */
		33581175296111C0008A4E86 = {
			isa = PBXGroup;
			children = (
				33581180296111C1008A4E86 /* TOUCHDOWN */,
				33581191296111C3008A4E86 /* TOUCHDOWNTests */,
				3358117F296111C1008A4E86 /* Products */,
			);
			sourceTree = "<group>";
		};
		3358117F296111C1008A4E86 /* Products */ = {
			isa = PBXGroup;
			children = (
				3358117E296111C1008A4E86 /* TOUCHDOWN.app */,
				3358118E296111C3008A4E86 /* TOUCHDOWNTests.xctest */,
			);
			name = Products;
			sourceTree = "<group>";
		};
		33581180296111C1008A4E86 /* TOUCHDOWN */ = {
			isa = PBXGroup;
			children = (
				3368D67A2961AB14009C9CA8 /* App */,
				3368D67B2961AB2E009C9CA8 /* View */,
				3368D6782961A93C009C9CA8 /* Data */,
				3368D67E2961AB90009C9CA8 /* Model */,
				3368D67F2961ABA3009C9CA8 /* Extension */,
				3368D6802961ABC3009C9CA8 /* Utility */,
				33581185296111C2008A4E86 /* Assets.xcassets */,
				3368D6792961AA17009C9CA8 /* Info.plist */,
				33581187296111C2008A4E86 /* Preview Content */,
			);
			path = TOUCHDOWN;
			sourceTree = "<group>";
		};
		33581187296111C2008A4E86 /* Preview Content */ = {
			isa = PBXGroup;
			children = (
				33581188296111C2008A4E86 /* Preview Assets.xcassets */,
			);
			path = "Preview Content";
			sourceTree = "<group>";
		};
		33581191296111C3008A4E86 /* TOUCHDOWNTests */ = {
			isa = PBXGroup;
			children = (
				33581192296111C3008A4E86 /* TOUCHDOWNTests.swift */,
			);
			path = TOUCHDOWNTests;
			sourceTree = "<group>";
		};
		3368D6782961A93C009C9CA8 /* Data */ = {
			isa = PBXGroup;
			children = (
				3368D6732961A92C009C9CA8 /* brand.json */,
				3368D6712961A92C009C9CA8 /* category.json */,
				3368D6702961A92C009C9CA8 /* player.json */,
				3368D6722961A92C009C9CA8 /* product.json */,
			);
			path = Data;
			sourceTree = "<group>";
		};
		3368D67A2961AB14009C9CA8 /* App */ = {
			isa = PBXGroup;
			children = (
				33581181296111C1008A4E86 /* TOUCHDOWNApp.swift */,
				33581183296111C1008A4E86 /* ContentView.swift */,
				33D543C82967831E00D5B409 /* ProductDetailView.swift */,
			);
			path = App;
			sourceTree = "<group>";
		};
		3368D67B2961AB2E009C9CA8 /* View */ = {
			isa = PBXGroup;
			children = (
				3368D67D2961AB66009C9CA8 /* Home */,
				3368D67C2961AB44009C9CA8 /* Detail */,
			);
			path = View;
			sourceTree = "<group>";
		};
		3368D67C2961AB44009C9CA8 /* Detail */ = {
			isa = PBXGroup;
			children = (
				337CDD3E2968994F00F0764D /* NavigationBarDetailView.swift */,
				337CDD402968C2DD00F0764D /* HeaderDetailView.swift */,
				334FA7C52968C7AE00327EC7 /* TopPartDetailView.swift */,
				33AF40DC2969BD64005BBD92 /* RaitingsSizesDetailView.swift */,
				33A7AD8E2969F744000F4D55 /* QuantityFavoriteDetailView.swift */,
				33A7AD902969FB76000F4D55 /* AddToCartDetailView.swift */,
			);
			path = Detail;
			sourceTree = "<group>";
		};
		3368D67D2961AB66009C9CA8 /* Home */ = {
			isa = PBXGroup;
			children = (
				3368D6832961AD92009C9CA8 /* FooterView.swift */,
				332EA3412962DE32008CCE3B /* NabigationBarView.swift */,
				332EA3432962E2AD008CCE3B /* LogoView.swift */,
				332EA34929631548008CCE3B /* FeatureditemView.swift */,
				332EA34B29631772008CCE3B /* FeaturedTabView.swift */,
				33ED68442966B0040057A439 /* CategoryItemView.swift */,
				33ED68462966B38E0057A439 /* CategoryGridView.swift */,
				33ED68482966B9EE0057A439 /* SectionView.swift */,
				33D543BC2966F11900D5B409 /* TitleView.swift */,
				33D543C0296718CE00D5B409 /* ProductItemView.swift */,
				33D543C42967463200D5B409 /* BrandItemView.swift */,
				33D543C629674D3B00D5B409 /* BrandGridView.swift */,
			);
			path = Home;
			sourceTree = "<group>";
		};
		3368D67E2961AB90009C9CA8 /* Model */ = {
			isa = PBXGroup;
			children = (
				332EA34729630694008CCE3B /* PlayerModel.swift */,
				33ED68422966ADFC0057A439 /* CategoryModel.swift */,
				33D543BE2966F2A100D5B409 /* ProductModel.swift */,
				33D543C22967454800D5B409 /* BrandModel.swift */,
			);
			path = Model;
			sourceTree = "<group>";
		};
		3368D67F2961ABA3009C9CA8 /* Extension */ = {
			isa = PBXGroup;
			children = (
				332EA345296305F1008CCE3B /* CodableBundleExtension.swift */,
				33ED68402966A4F40057A439 /* UIScreenExtension.swift */,
			);
			path = Extension;
			sourceTree = "<group>";
		};
		3368D6802961ABC3009C9CA8 /* Utility */ = {
			isa = PBXGroup;
			children = (
				3368D6812961AC7B009C9CA8 /* Constant.swift */,
				334FA7C72968CFD900327EC7 /* CustomShape.swift */,
				33A7AD92296A07FB000F4D55 /* Shop.swift */,
			);
			path = Utility;
			sourceTree = "<group>";
		};
/* End PBXGroup section */

/* Begin PBXNativeTarget section */
		3358117D296111C1008A4E86 /* TOUCHDOWN */ = {
			isa = PBXNativeTarget;
			buildConfigurationList = 335811A2296111C3008A4E86 /* Build configuration list for PBXNativeTarget "TOUCHDOWN" */;
			buildPhases = (
				3358117A296111C1008A4E86 /* Sources */,
				3358117B296111C1008A4E86 /* Frameworks */,
				3358117C296111C1008A4E86 /* Resources */,
			);
			buildRules = (
			);
			dependencies = (
			);
			name = TOUCHDOWN;
			packageProductDependencies = (
				AC9B33E629B6824200485B25 /* Resolver */,
			);
			productName = TOUCHDOWN;
			productReference = 3358117E296111C1008A4E86 /* TOUCHDOWN.app */;
			productType = "com.apple.product-type.application";
		};
		3358118D296111C3008A4E86 /* TOUCHDOWNTests */ = {
			isa = PBXNativeTarget;
			buildConfigurationList = 335811A5296111C3008A4E86 /* Build configuration list for PBXNativeTarget "TOUCHDOWNTests" */;
			buildPhases = (
				3358118A296111C3008A4E86 /* Sources */,
				3358118B296111C3008A4E86 /* Frameworks */,
				3358118C296111C3008A4E86 /* Resources */,
			);
			buildRules = (
			);
			dependencies = (
				33581190296111C3008A4E86 /* PBXTargetDependency */,
			);
			name = TOUCHDOWNTests;
			productName = TOUCHDOWNTests;
			productReference = 3358118E296111C3008A4E86 /* TOUCHDOWNTests.xctest */;
			productType = "com.apple.product-type.bundle.unit-test";
		};
/* End PBXNativeTarget section */

/* Begin PBXProject section */
		33581176296111C0008A4E86 /* Project object */ = {
			isa = PBXProject;
			attributes = {
				BuildIndependentTargetsInParallel = 1;
				LastSwiftUpdateCheck = 1420;
				LastUpgradeCheck = 1420;
				TargetAttributes = {
					3358117D296111C1008A4E86 = {
						CreatedOnToolsVersion = 14.2;
					};
					3358118D296111C3008A4E86 = {
						CreatedOnToolsVersion = 14.2;
						TestTargetID = 3358117D296111C1008A4E86;
					};
				};
			};
			buildConfigurationList = 33581179296111C0008A4E86 /* Build configuration list for PBXProject "TOUCHDOWN" */;
			compatibilityVersion = "Xcode 14.0";
			developmentRegion = en;
			hasScannedForEncodings = 0;
			knownRegions = (
				en,
				Base,
			);
			mainGroup = 33581175296111C0008A4E86;
			packageReferences = (
				AC9B33E529B6824200485B25 /* XCRemoteSwiftPackageReference "Resolver" */,
			);
			productRefGroup = 3358117F296111C1008A4E86 /* Products */;
			projectDirPath = "";
			projectRoot = "";
			targets = (
				3358117D296111C1008A4E86 /* TOUCHDOWN */,
				3358118D296111C3008A4E86 /* TOUCHDOWNTests */,
			);
		};
/* End PBXProject section */

/* Begin PBXResourcesBuildPhase section */
		3358117C296111C1008A4E86 /* Resources */ = {
			isa = PBXResourcesBuildPhase;
			buildActionMask = 2147483647;
			files = (
				3368D6742961A92C009C9CA8 /* player.json in Resources */,
				33581189296111C2008A4E86 /* Preview Assets.xcassets in Resources */,
				33581186296111C2008A4E86 /* Assets.xcassets in Resources */,
				3368D6752961A92C009C9CA8 /* category.json in Resources */,
				3368D6762961A92C009C9CA8 /* product.json in Resources */,
				3368D6772961A92C009C9CA8 /* brand.json in Resources */,
			);
			runOnlyForDeploymentPostprocessing = 0;
		};
		3358118C296111C3008A4E86 /* Resources */ = {
			isa = PBXResourcesBuildPhase;
			buildActionMask = 2147483647;
			files = (
			);
			runOnlyForDeploymentPostprocessing = 0;
		};
/* End PBXResourcesBuildPhase section */

/* Begin PBXSourcesBuildPhase section */
		3358117A296111C1008A4E86 /* Sources */ = {
			isa = PBXSourcesBuildPhase;
			buildActionMask = 2147483647;
			files = (
				33ED68472966B38E0057A439 /* CategoryGridView.swift in Sources */,
				33AF40DD2969BD64005BBD92 /* RaitingsSizesDetailView.swift in Sources */,
				33581184296111C1008A4E86 /* ContentView.swift in Sources */,
				33A7AD93296A07FB000F4D55 /* Shop.swift in Sources */,
				33ED68492966B9EE0057A439 /* SectionView.swift in Sources */,
				33A7AD8F2969F744000F4D55 /* QuantityFavoriteDetailView.swift in Sources */,
				33D543BF2966F2A100D5B409 /* ProductModel.swift in Sources */,
				33ED68432966ADFC0057A439 /* CategoryModel.swift in Sources */,
				332EA3442962E2AD008CCE3B /* LogoView.swift in Sources */,
				33ED68412966A4F40057A439 /* UIScreenExtension.swift in Sources */,
				33D543C729674D3B00D5B409 /* BrandGridView.swift in Sources */,
				33A7AD912969FB76000F4D55 /* AddToCartDetailView.swift in Sources */,
				337CDD412968C2DD00F0764D /* HeaderDetailView.swift in Sources */,
				334FA7C62968C7AE00327EC7 /* TopPartDetailView.swift in Sources */,
				332EA34829630694008CCE3B /* PlayerModel.swift in Sources */,
				33D543BD2966F11900D5B409 /* TitleView.swift in Sources */,
				337CDD3F2968994F00F0764D /* NavigationBarDetailView.swift in Sources */,
				33D543C1296718CE00D5B409 /* ProductItemView.swift in Sources */,
				332EA3422962DE32008CCE3B /* NabigationBarView.swift in Sources */,
				3368D6842961AD92009C9CA8 /* FooterView.swift in Sources */,
				33581182296111C1008A4E86 /* TOUCHDOWNApp.swift in Sources */,
				332EA34A29631548008CCE3B /* FeatureditemView.swift in Sources */,
				332EA346296305F1008CCE3B /* CodableBundleExtension.swift in Sources */,
				33D543C52967463200D5B409 /* BrandItemView.swift in Sources */,
				33ED68452966B0040057A439 /* CategoryItemView.swift in Sources */,
				332EA34C29631772008CCE3B /* FeaturedTabView.swift in Sources */,
				3368D6822961AC7B009C9CA8 /* Constant.swift in Sources */,
				334FA7C82968CFD900327EC7 /* CustomShape.swift in Sources */,
				33D543C92967831E00D5B409 /* ProductDetailView.swift in Sources */,
				33D543C32967454800D5B409 /* BrandModel.swift in Sources */,
			);
			runOnlyForDeploymentPostprocessing = 0;
		};
		3358118A296111C3008A4E86 /* Sources */ = {
			isa = PBXSourcesBuildPhase;
			buildActionMask = 2147483647;
			files = (
				33581193296111C3008A4E86 /* TOUCHDOWNTests.swift in Sources */,
			);
			runOnlyForDeploymentPostprocessing = 0;
		};
/* End PBXSourcesBuildPhase section */

/* Begin PBXTargetDependency section */
		33581190296111C3008A4E86 /* PBXTargetDependency */ = {
			isa = PBXTargetDependency;
			target = 3358117D296111C1008A4E86 /* TOUCHDOWN */;
			targetProxy = 3358118F296111C3008A4E86 /* PBXContainerItemProxy */;
		};
/* End PBXTargetDependency section */

/* Begin XCBuildConfiguration section */
		335811A0296111C3008A4E86 /* Debug */ = {
			isa = XCBuildConfiguration;
			buildSettings = {
				ALWAYS_SEARCH_USER_PATHS = NO;
				CLANG_ANALYZER_NONNULL = YES;
				CLANG_ANALYZER_NUMBER_OBJECT_CONVERSION = YES_AGGRESSIVE;
				CLANG_CXX_LANGUAGE_STANDARD = "gnu++20";
				CLANG_ENABLE_MODULES = YES;
				CLANG_ENABLE_OBJC_ARC = YES;
				CLANG_ENABLE_OBJC_WEAK = YES;
				CLANG_WARN_BLOCK_CAPTURE_AUTORELEASING = YES;
				CLANG_WARN_BOOL_CONVERSION = YES;
				CLANG_WARN_COMMA = YES;
				CLANG_WARN_CONSTANT_CONVERSION = YES;
				CLANG_WARN_DEPRECATED_OBJC_IMPLEMENTATIONS = YES;
				CLANG_WARN_DIRECT_OBJC_ISA_USAGE = YES_ERROR;
				CLANG_WARN_DOCUMENTATION_COMMENTS = YES;
				CLANG_WARN_EMPTY_BODY = YES;
				CLANG_WARN_ENUM_CONVERSION = YES;
				CLANG_WARN_INFINITE_RECURSION = YES;
				CLANG_WARN_INT_CONVERSION = YES;
				CLANG_WARN_NON_LITERAL_NULL_CONVERSION = YES;
				CLANG_WARN_OBJC_IMPLICIT_RETAIN_SELF = YES;
				CLANG_WARN_OBJC_LITERAL_CONVERSION = YES;
				CLANG_WARN_OBJC_ROOT_CLASS = YES_ERROR;
				CLANG_WARN_QUOTED_INCLUDE_IN_FRAMEWORK_HEADER = YES;
				CLANG_WARN_RANGE_LOOP_ANALYSIS = YES;
				CLANG_WARN_STRICT_PROTOTYPES = YES;
				CLANG_WARN_SUSPICIOUS_MOVE = YES;
				CLANG_WARN_UNGUARDED_AVAILABILITY = YES_AGGRESSIVE;
				CLANG_WARN_UNREACHABLE_CODE = YES;
				CLANG_WARN__DUPLICATE_METHOD_MATCH = YES;
				COPY_PHASE_STRIP = NO;
				DEBUG_INFORMATION_FORMAT = dwarf;
				ENABLE_STRICT_OBJC_MSGSEND = YES;
				ENABLE_TESTABILITY = YES;
				GCC_C_LANGUAGE_STANDARD = gnu11;
				GCC_DYNAMIC_NO_PIC = NO;
				GCC_NO_COMMON_BLOCKS = YES;
				GCC_OPTIMIZATION_LEVEL = 0;
				GCC_PREPROCESSOR_DEFINITIONS = (
					"DEBUG=1",
					"$(inherited)",
				);
				GCC_WARN_64_TO_32_BIT_CONVERSION = YES;
				GCC_WARN_ABOUT_RETURN_TYPE = YES_ERROR;
				GCC_WARN_UNDECLARED_SELECTOR = YES;
				GCC_WARN_UNINITIALIZED_AUTOS = YES_AGGRESSIVE;
				GCC_WARN_UNUSED_FUNCTION = YES;
				GCC_WARN_UNUSED_VARIABLE = YES;
				IPHONEOS_DEPLOYMENT_TARGET = 16.2;
				MTL_ENABLE_DEBUG_INFO = INCLUDE_SOURCE;
				MTL_FAST_MATH = YES;
				ONLY_ACTIVE_ARCH = YES;
				SDKROOT = iphoneos;
				SWIFT_ACTIVE_COMPILATION_CONDITIONS = DEBUG;
				SWIFT_OPTIMIZATION_LEVEL = "-Onone";
			};
			name = Debug;
		};
		335811A1296111C3008A4E86 /* Release */ = {
			isa = XCBuildConfiguration;
			buildSettings = {
				ALWAYS_SEARCH_USER_PATHS = NO;
				CLANG_ANALYZER_NONNULL = YES;
				CLANG_ANALYZER_NUMBER_OBJECT_CONVERSION = YES_AGGRESSIVE;
				CLANG_CXX_LANGUAGE_STANDARD = "gnu++20";
				CLANG_ENABLE_MODULES = YES;
				CLANG_ENABLE_OBJC_ARC = YES;
				CLANG_ENABLE_OBJC_WEAK = YES;
				CLANG_WARN_BLOCK_CAPTURE_AUTORELEASING = YES;
				CLANG_WARN_BOOL_CONVERSION = YES;
				CLANG_WARN_COMMA = YES;
				CLANG_WARN_CONSTANT_CONVERSION = YES;
				CLANG_WARN_DEPRECATED_OBJC_IMPLEMENTATIONS = YES;
				CLANG_WARN_DIRECT_OBJC_ISA_USAGE = YES_ERROR;
				CLANG_WARN_DOCUMENTATION_COMMENTS = YES;
				CLANG_WARN_EMPTY_BODY = YES;
				CLANG_WARN_ENUM_CONVERSION = YES;
				CLANG_WARN_INFINITE_RECURSION = YES;
				CLANG_WARN_INT_CONVERSION = YES;
				CLANG_WARN_NON_LITERAL_NULL_CONVERSION = YES;
				CLANG_WARN_OBJC_IMPLICIT_RETAIN_SELF = YES;
				CLANG_WARN_OBJC_LITERAL_CONVERSION = YES;
				CLANG_WARN_OBJC_ROOT_CLASS = YES_ERROR;
				CLANG_WARN_QUOTED_INCLUDE_IN_FRAMEWORK_HEADER = YES;
				CLANG_WARN_RANGE_LOOP_ANALYSIS = YES;
				CLANG_WARN_STRICT_PROTOTYPES = YES;
				CLANG_WARN_SUSPICIOUS_MOVE = YES;
				CLANG_WARN_UNGUARDED_AVAILABILITY = YES_AGGRESSIVE;
				CLANG_WARN_UNREACHABLE_CODE = YES;
				CLANG_WARN__DUPLICATE_METHOD_MATCH = YES;
				COPY_PHASE_STRIP = NO;
				DEBUG_INFORMATION_FORMAT = "dwarf-with-dsym";
				ENABLE_NS_ASSERTIONS = NO;
				ENABLE_STRICT_OBJC_MSGSEND = YES;
				GCC_C_LANGUAGE_STANDARD = gnu11;
				GCC_NO_COMMON_BLOCKS = YES;
				GCC_WARN_64_TO_32_BIT_CONVERSION = YES;
				GCC_WARN_ABOUT_RETURN_TYPE = YES_ERROR;
				GCC_WARN_UNDECLARED_SELECTOR = YES;
				GCC_WARN_UNINITIALIZED_AUTOS = YES_AGGRESSIVE;
				GCC_WARN_UNUSED_FUNCTION = YES;
				GCC_WARN_UNUSED_VARIABLE = YES;
				IPHONEOS_DEPLOYMENT_TARGET = 16.2;
				MTL_ENABLE_DEBUG_INFO = NO;
				MTL_FAST_MATH = YES;
				SDKROOT = iphoneos;
				SWIFT_COMPILATION_MODE = wholemodule;
				SWIFT_OPTIMIZATION_LEVEL = "-O";
				VALIDATE_PRODUCT = YES;
			};
			name = Release;
		};
		335811A3296111C3008A4E86 /* Debug */ = {
			isa = XCBuildConfiguration;
			buildSettings = {
				ASSETCATALOG_COMPILER_APPICON_NAME = AppIcon;
				ASSETCATALOG_COMPILER_GLOBAL_ACCENT_COLOR_NAME = AccentColor;
				CODE_SIGN_STYLE = Automatic;
				CURRENT_PROJECT_VERSION = 1;
				DEVELOPMENT_ASSET_PATHS = "\"TOUCHDOWN/Preview Content\"";
				ENABLE_PREVIEWS = YES;
				GENERATE_INFOPLIST_FILE = YES;
				INFOPLIST_FILE = TOUCHDOWN/Info.plist;
				INFOPLIST_KEY_UIApplicationSceneManifest_Generation = YES;
				INFOPLIST_KEY_UIApplicationSupportsIndirectInputEvents = YES;
				INFOPLIST_KEY_UISupportedInterfaceOrientations = UIInterfaceOrientationPortrait;
				INFOPLIST_KEY_UIUserInterfaceStyle = Light;
				IPHONEOS_DEPLOYMENT_TARGET = 14.0;
				LD_RUNPATH_SEARCH_PATHS = (
					"$(inherited)",
					"@executable_path/Frameworks",
				);
				MARKETING_VERSION = 1.0;
				PRODUCT_BUNDLE_IDENTIFIER = com.ikakooo.TOUCHDOWN;
				PRODUCT_NAME = "$(TARGET_NAME)";
				SWIFT_EMIT_LOC_STRINGS = YES;
				SWIFT_VERSION = 5.0;
				TARGETED_DEVICE_FAMILY = "1,2";
			};
			name = Debug;
		};
		335811A4296111C3008A4E86 /* Release */ = {
			isa = XCBuildConfiguration;
			buildSettings = {
				ASSETCATALOG_COMPILER_APPICON_NAME = AppIcon;
				ASSETCATALOG_COMPILER_GLOBAL_ACCENT_COLOR_NAME = AccentColor;
				CODE_SIGN_STYLE = Automatic;
				CURRENT_PROJECT_VERSION = 1;
				DEVELOPMENT_ASSET_PATHS = "\"TOUCHDOWN/Preview Content\"";
				ENABLE_PREVIEWS = YES;
				GENERATE_INFOPLIST_FILE = YES;
				INFOPLIST_FILE = TOUCHDOWN/Info.plist;
				INFOPLIST_KEY_UIApplicationSceneManifest_Generation = YES;
				INFOPLIST_KEY_UIApplicationSupportsIndirectInputEvents = YES;
				INFOPLIST_KEY_UISupportedInterfaceOrientations = UIInterfaceOrientationPortrait;
				INFOPLIST_KEY_UIUserInterfaceStyle = Light;
				IPHONEOS_DEPLOYMENT_TARGET = 14.0;
				LD_RUNPATH_SEARCH_PATHS = (
					"$(inherited)",
					"@executable_path/Frameworks",
				);
				MARKETING_VERSION = 1.0;
				PRODUCT_BUNDLE_IDENTIFIER = com.ikakooo.TOUCHDOWN;
				PRODUCT_NAME = "$(TARGET_NAME)";
				SWIFT_EMIT_LOC_STRINGS = YES;
				SWIFT_VERSION = 5.0;
				TARGETED_DEVICE_FAMILY = "1,2";
			};
			name = Release;
		};
		335811A6296111C3008A4E86 /* Debug */ = {
			isa = XCBuildConfiguration;
			buildSettings = {
				ALWAYS_EMBED_SWIFT_STANDARD_LIBRARIES = YES;
				BUNDLE_LOADER = "$(TEST_HOST)";
				CODE_SIGN_STYLE = Automatic;
				CURRENT_PROJECT_VERSION = 1;
				GENERATE_INFOPLIST_FILE = YES;
				IPHONEOS_DEPLOYMENT_TARGET = 16.2;
				MARKETING_VERSION = 1.0;
				PRODUCT_BUNDLE_IDENTIFIER = com.ikakooo.TOUCHDOWNTests;
				PRODUCT_NAME = "$(TARGET_NAME)";
				SWIFT_EMIT_LOC_STRINGS = NO;
				SWIFT_VERSION = 5.0;
				TARGETED_DEVICE_FAMILY = "1,2";
				TEST_HOST = "$(BUILT_PRODUCTS_DIR)/TOUCHDOWN.app/$(BUNDLE_EXECUTABLE_FOLDER_PATH)/TOUCHDOWN";
			};
			name = Debug;
		};
		335811A7296111C3008A4E86 /* Release */ = {
			isa = XCBuildConfiguration;
			buildSettings = {
				ALWAYS_EMBED_SWIFT_STANDARD_LIBRARIES = YES;
				BUNDLE_LOADER = "$(TEST_HOST)";
				CODE_SIGN_STYLE = Automatic;
				CURRENT_PROJECT_VERSION = 1;
				GENERATE_INFOPLIST_FILE = YES;
				IPHONEOS_DEPLOYMENT_TARGET = 16.2;
				MARKETING_VERSION = 1.0;
				PRODUCT_BUNDLE_IDENTIFIER = com.ikakooo.TOUCHDOWNTests;
				PRODUCT_NAME = "$(TARGET_NAME)";
				SWIFT_EMIT_LOC_STRINGS = NO;
				SWIFT_VERSION = 5.0;
				TARGETED_DEVICE_FAMILY = "1,2";
				TEST_HOST = "$(BUILT_PRODUCTS_DIR)/TOUCHDOWN.app/$(BUNDLE_EXECUTABLE_FOLDER_PATH)/TOUCHDOWN";
			};
			name = Release;
		};
/* End XCBuildConfiguration section */

/* Begin XCConfigurationList section */
		33581179296111C0008A4E86 /* Build configuration list for PBXProject "TOUCHDOWN" */ = {
			isa = XCConfigurationList;
			buildConfigurations = (
				335811A0296111C3008A4E86 /* Debug */,
				335811A1296111C3008A4E86 /* Release */,
			);
			defaultConfigurationIsVisible = 0;
			defaultConfigurationName = Release;
		};
		335811A2296111C3008A4E86 /* Build configuration list for PBXNativeTarget "TOUCHDOWN" */ = {
			isa = XCConfigurationList;
			buildConfigurations = (
				335811A3296111C3008A4E86 /* Debug */,
				335811A4296111C3008A4E86 /* Release */,
			);
			defaultConfigurationIsVisible = 0;
			defaultConfigurationName = Release;
		};
		335811A5296111C3008A4E86 /* Build configuration list for PBXNativeTarget "TOUCHDOWNTests" */ = {
			isa = XCConfigurationList;
			buildConfigurations = (
				335811A6296111C3008A4E86 /* Debug */,
				335811A7296111C3008A4E86 /* Release */,
			);
			defaultConfigurationIsVisible = 0;
			defaultConfigurationName = Release;
		};
/* End XCConfigurationList section */

/* Begin XCRemoteSwiftPackageReference section */
		AC9B33E529B6824200485B25 /* XCRemoteSwiftPackageReference "Resolver" */ = {
			isa = XCRemoteSwiftPackageReference;
			repositoryURL = "https://github.com/hmlongco/Resolver.git";
			requirement = {
				branch = master;
				kind = branch;
			};
		};
/* End XCRemoteSwiftPackageReference section */

/* Begin XCSwiftPackageProductDependency section */
		AC9B33E629B6824200485B25 /* Resolver */ = {
			isa = XCSwiftPackageProductDependency;
			package = AC9B33E529B6824200485B25 /* XCRemoteSwiftPackageReference "Resolver" */;
			productName = Resolver;
		};
/* End XCSwiftPackageProductDependency section */
	};
	rootObject = 33581176296111C0008A4E86 /* Project object */;
}
